
Microsoft Visual Studio Solution File, Format Version 12.00
# Visual Studio 15
VisualStudioVersion = 15.0.28010.2048
MinimumVisualStudioVersion = 10.0.40219.1
Project("{FAE04EC0-301F-11D3-BF4B-00C04F79EFBC}") = "Lab10", "Lab10\Lab10.csproj", "{877A26F4-5A35-488E-B570-1F0920EC1E5E}"
EndProject
Global
	GlobalSection(SolutionConfigurationPlatforms) = preSolution
		Debug|Any CPU = Debug|Any CPU
		Release|Any CPU = Release|Any CPU
	EndGlobalSection
	GlobalSection(ProjectConfigurationPlatforms) = postSolution
		{877A26F4-5A35-488E-B570-1F0920EC1E5E}.Debug|Any CPU.ActiveCfg = Debug|Any CPU
		{877A26F4-5A35-488E-B570-1F0920EC1E5E}.Debug|Any CPU.Build.0 = Debug|Any CPU
		{877A26F4-5A35-488E-B570-1F0920EC1E5E}.Release|Any CPU.ActiveCfg = Release|Any CPU
		{877A26F4-5A35-488E-B570-1F0920EC1E5E}.Release|Any CPU.Build.0 = Release|Any CPU
	EndGlobalSection
	GlobalSection(SolutionProperties) = preSolution
		HideSolutionNode = FALSE
	EndGlobalSection
	GlobalSection(ExtensibilityGlobals) = postSolution
		SolutionGuid = {2A3F3E9B-E417-4B14-962A-784202BD7780}
	EndGlobalSection
EndGlobal
